
Microsoft Visual Studio Solution File, Format Version 12.00
# Visual Studio 15
VisualStudioVersion = 15.0.27428.2015
MinimumVisualStudioVersion = 10.0.40219.1
Project("{FAE04EC0-301F-11D3-BF4B-00C04F79EFBC}") = "SpecFlow", "SpecFlow1\SpecFlow.csproj", "{9F3D41D5-B1E7-46D3-AC75-20DCB25FEDE8}"
EndProject
Project("{FAE04EC0-301F-11D3-BF4B-00C04F79EFBC}") = "Calc", "Calc1\Calc.csproj", "{358F5CA2-2E73-49BC-A66A-F1FC0BB0B655}"
EndProject
Global
	GlobalSection(SolutionConfigurationPlatforms) = preSolution
		Debug|Any CPU = Debug|Any CPU
		Release|Any CPU = Release|Any CPU
	EndGlobalSection
	GlobalSection(ProjectConfigurationPlatforms) = postSolution
		{9F3D41D5-B1E7-46D3-AC75-20DCB25FEDE8}.Debug|Any CPU.ActiveCfg = Debug|Any CPU
		{9F3D41D5-B1E7-46D3-AC75-20DCB25FEDE8}.Debug|Any CPU.Build.0 = Debug|Any CPU
		{9F3D41D5-B1E7-46D3-AC75-20DCB25FEDE8}.Release|Any CPU.ActiveCfg = Release|Any CPU
		{9F3D41D5-B1E7-46D3-AC75-20DCB25FEDE8}.Release|Any CPU.Build.0 = Release|Any CPU
		{358F5CA2-2E73-49BC-A66A-F1FC0BB0B655}.Debug|Any CPU.ActiveCfg = Debug|Any CPU
		{358F5CA2-2E73-49BC-A66A-F1FC0BB0B655}.Debug|Any CPU.Build.0 = Debug|Any CPU
		{358F5CA2-2E73-49BC-A66A-F1FC0BB0B655}.Release|Any CPU.ActiveCfg = Release|Any CPU
		{358F5CA2-2E73-49BC-A66A-F1FC0BB0B655}.Release|Any CPU.Build.0 = Release|Any CPU
	EndGlobalSection
	GlobalSection(SolutionProperties) = preSolution
		HideSolutionNode = FALSE
	EndGlobalSection
	GlobalSection(ExtensibilityGlobals) = postSolution
		SolutionGuid = {422D2F7D-1CBA-414D-82A7-72DC61F40DB2}
	EndGlobalSection
EndGlobal
